
Microsoft Visual Studio Solution File, Format Version 12.00
# Visual Studio Version 16
VisualStudioVersion = 16.0.31613.86
MinimumVisualStudioVersion = 10.0.40219.1
Project("{FAE04EC0-301F-11D3-BF4B-00C04F79EFBC}") = "FormApp", "FormApp\FormApp.csproj", "{21D19058-D6ED-4D0C-A5B4-269F8D069381}"
EndProject
Project("{FAE04EC0-301F-11D3-BF4B-00C04F79EFBC}") = "Consumer.Consolle", "Consumer.Consolle\Consumer.Consolle.csproj", "{57E68211-91B7-41E5-BDEC-06D8BEEFAE19}"
EndProject
Global
	GlobalSection(SolutionConfigurationPlatforms) = preSolution
		Debug|Any CPU = Debug|Any CPU
		Release|Any CPU = Release|Any CPU
	EndGlobalSection
	GlobalSection(ProjectConfigurationPlatforms) = postSolution
		{21D19058-D6ED-4D0C-A5B4-269F8D069381}.Debug|Any CPU.ActiveCfg = Debug|Any CPU
		{21D19058-D6ED-4D0C-A5B4-269F8D069381}.Debug|Any CPU.Build.0 = Debug|Any CPU
		{21D19058-D6ED-4D0C-A5B4-269F8D069381}.Release|Any CPU.ActiveCfg = Release|Any CPU
		{21D19058-D6ED-4D0C-A5B4-269F8D069381}.Release|Any CPU.Build.0 = Release|Any CPU
		{57E68211-91B7-41E5-BDEC-06D8BEEFAE19}.Debug|Any CPU.ActiveCfg = Debug|Any CPU
		{57E68211-91B7-41E5-BDEC-06D8BEEFAE19}.Debug|Any CPU.Build.0 = Debug|Any CPU
		{57E68211-91B7-41E5-BDEC-06D8BEEFAE19}.Release|Any CPU.ActiveCfg = Release|Any CPU
		{57E68211-91B7-41E5-BDEC-06D8BEEFAE19}.Release|Any CPU.Build.0 = Release|Any CPU
	EndGlobalSection
	GlobalSection(SolutionProperties) = preSolution
		HideSolutionNode = FALSE
	EndGlobalSection
	GlobalSection(ExtensibilityGlobals) = postSolution
		SolutionGuid = {FFA87D46-7DBE-4762-9D49-A98A5A6B864E}
	EndGlobalSection
EndGlobal
